{
  "name": "fixture-symlink",
  "version": "1.0.0",
  "lockfileVersion": 3,
  "requires": true,
  "packages": {
    "": {
      "name": "fixture-symlink",
      "version": "1.0.0",
      "dependencies": {
        "local-tool": "file:../tools/local-tool"
      }
    },
    "node_modules/local-tool": {
      "resolved": "file:../tools/local-tool",
      "link": true
    }
  }
}
