{
  "name": "fixture-peer-missing",
  "version": "1.0.0",
  "lockfileVersion": 3,
  "packages": {
    "": {
      "name": "fixture-peer-missing",
      "version": "1.0.0",
      "dependencies": {
        "ui-kit": "1.0.0"
      }
    },
    "node_modules/ui-kit": {
      "version": "1.0.0",
      "resolved": "https://registry.npmjs.org/ui-kit/-/ui-kit-1.0.0.tgz",
      "integrity": "sha256-AAAAAAAAAAAAAAAAAAAAAAAAAAAAAAAAAAAAAAAAAAA=",
      "peerDependencies": {
        "react": "^18.0.0"
      }
    }
  }
}
