{
  "name": "fixture-optional-platform",
  "version": "1.0.0",
  "lockfileVersion": 3,
  "packages": {
    "": {
      "name": "fixture-optional-platform",
      "version": "1.0.0",
      "dependencies": {
        "core": "1.0.0"
      },
      "optionalDependencies": {
        "fsevents": "2.3.3",
        "linux-only-native": "1.0.0"
      }
    },
    "node_modules/core": {
      "version": "1.0.0",
      "resolved": "https://registry.npmjs.org/core/-/core-1.0.0.tgz",
      "integrity": "sha256-AAAAAAAAAAAAAAAAAAAAAAAAAAAAAAAAAAAAAAAAAAA="
    },
    "node_modules/fsevents": {
      "version": "2.3.3",
      "resolved": "https://registry.npmjs.org/fsevents/-/fsevents-2.3.3.tgz",
      "integrity": "sha256-BBBBBBBBBBBBBBBBBBBBBBBBBBBBBBBBBBBBBBBBBBB=",
      "optional": true,
      "os": ["darwin"]
    },
    "node_modules/linux-only-native": {
      "version": "1.0.0",
      "resolved": "https://registry.npmjs.org/linux-only-native/-/linux-only-native-1.0.0.tgz",
      "integrity": "sha256-CCCCCCCCCCCCCCCCCCCCCCCCCCCCCCCCCCCCCCCCCCC=",
      "optional": true,
      "os": ["linux"],
      "cpu": ["x64", "arm64"]
    }
  }
}
