{
  "name": "fixture-workspaces",
  "version": "1.0.0",
  "lockfileVersion": 3,
  "packages": {
    "": {
      "name": "fixture-workspaces",
      "version": "1.0.0",
      "workspaces": [
        "packages/a",
        "packages/b"
      ],
      "dependencies": {
        "@acme/a": "*",
        "@acme/b": "*"
      }
    },
    "node_modules/@acme/a": {
      "resolved": "packages/a",
      "link": true
    },
    "node_modules/@acme/b": {
      "resolved": "packages/b",
      "link": true
    },
    "packages/a": {
      "name": "@acme/a",
      "version": "1.0.0",
      "dependencies": {
        "@acme/b": "*"
      }
    },
    "packages/b": {
      "name": "@acme/b",
      "version": "1.0.0"
    }
  }
}
