{
  "name": "fixture-file-deps",
  "version": "1.0.0",
  "lockfileVersion": 3,
  "packages": {
    "": {
      "name": "fixture-file-deps",
      "version": "1.0.0",
      "dependencies": {
        "local-lib": "file:vendor/local-lib"
      }
    },
    "node_modules/local-lib": {
      "version": "1.0.0",
      "resolved": "file:vendor/local-lib"
    }
  }
}
