{
  "name": "fixture-unusual",
  "version": "1.0.0",
  "lockfileVersion": 3,
  "requires": true,
  "packages": {
    "": {
      "name": "fixture-unusual",
      "version": "1.0.0",
      "dependencies": {
        "@scoped/pkg": "1.0.0",
        "weird.name": "1.0.0"
      }
    },
    "node_modules/@scoped/pkg": {
      "version": "1.0.0",
      "resolved": "https://registry.npmjs.org/@scoped/pkg/-/pkg-1.0.0.tgz",
      "integrity": "sha512-scopedscopedscopedscopedscopedscopedscopedscopedscopedscopedscoped==",
      "bundledDependencies": ["nested-bundle"]
    },
    "node_modules/@scoped/pkg/node_modules/nested-bundle": {
      "version": "0.0.1",
      "resolved": "https://registry.npmjs.org/nested-bundle/-/nested-bundle-0.0.1.tgz",
      "integrity": "sha512-bundledbundledbundledbundledbundledbundledbundledbundledbundled==",
      "inBundle": true
    },
    "node_modules/weird.name": {
      "version": "1.0.0",
      "resolved": "https://registry.npmjs.org/weird.name/-/weird.name-1.0.0.tgz",
      "integrity": "sha512-weirdweirdweirdweirdweirdweirdweirdweirdweirdweirdweirdweirdwe=="
    }
  }
}
