{
  "name": "fixture-workspaces",
  "version": "1.0.0",
  "lockfileVersion": 2,
  "requires": true,
  "packages": {
    "": {
      "name": "fixture-workspaces",
      "version": "1.0.0",
      "workspaces": ["packages/ui"]
    },
    "node_modules/@acme/ui": {
      "resolved": "packages/ui",
      "link": true
    },
    "packages/ui": {
      "name": "@acme/ui",
      "version": "0.2.0"
    }
  },
  "dependencies": {
    "@acme/ui": {
      "version": "file:packages/ui"
    }
  }
}
