{
  "name": "fixture-nested",
  "version": "1.0.0",
  "lockfileVersion": 3,
  "requires": true,
  "packages": {
    "": {
      "name": "fixture-nested",
      "version": "1.0.0",
      "dependencies": {
        "parent-a": "1.0.0",
        "parent-b": "1.0.0"
      }
    },
    "node_modules/parent-a": {
      "version": "1.0.0",
      "resolved": "https://registry.npmjs.org/parent-a/-/parent-a-1.0.0.tgz",
      "integrity": "sha512-aaaaaaaaaaaaaaaaaaaaaaaaaaaaaaaaaaaaaaaaaaaaaaaaaaaaaaaaaaaaaaaa",
      "dependencies": {
        "shared": "1.0.0"
      }
    },
    "node_modules/parent-b": {
      "version": "1.0.0",
      "resolved": "https://registry.npmjs.org/parent-b/-/parent-b-1.0.0.tgz",
      "integrity": "sha512-bbbbbbbbbbbbbbbbbbbbbbbbbbbbbbbbbbbbbbbbbbbbbbbbbbbbbbbbbbbbbbbb",
      "dependencies": {
        "shared": "2.0.0"
      }
    },
    "node_modules/shared": {
      "version": "1.0.0",
      "resolved": "https://registry.npmjs.org/shared/-/shared-1.0.0.tgz",
      "integrity": "sha512-1111111111111111111111111111111111111111111111111111111111111111"
    },
    "node_modules/parent-b/node_modules/shared": {
      "version": "2.0.0",
      "resolved": "https://registry.npmjs.org/shared/-/shared-2.0.0.tgz",
      "integrity": "sha512-2222222222222222222222222222222222222222222222222222222222222222"
    }
  }
}
