{
  "name": "fixture-bin-links",
  "version": "1.0.0",
  "lockfileVersion": 3,
  "packages": {
    "": {
      "name": "fixture-bin-links",
      "version": "1.0.0",
      "dependencies": {
        "demo-cli": "1.0.0",
        "multi-bin": "1.0.0",
        "@scope/tool": "1.0.0",
        "parent": "1.0.0"
      }
    },
    "node_modules/demo-cli": {
      "version": "1.0.0",
      "resolved": "https://registry.npmjs.org/demo-cli/-/demo-cli-1.0.0.tgz",
      "integrity": "sha256-AAAAAAAAAAAAAAAAAAAAAAAAAAAAAAAAAAAAAAAAAAA=",
      "bin": {
        "demo-cli": "cli.js"
      }
    },
    "node_modules/multi-bin": {
      "version": "1.0.0",
      "resolved": "https://registry.npmjs.org/multi-bin/-/multi-bin-1.0.0.tgz",
      "integrity": "sha256-BBBBBBBBBBBBBBBBBBBBBBBBBBBBBBBBBBBBBBBBBBB=",
      "bin": {
        "mb-a": "bin/a.js",
        "mb-b": "bin/b.js"
      }
    },
    "node_modules/@scope/tool": {
      "version": "1.0.0",
      "resolved": "https://registry.npmjs.org/@scope/tool/-/tool-1.0.0.tgz",
      "integrity": "sha256-CCCCCCCCCCCCCCCCCCCCCCCCCCCCCCCCCCCCCCCCCCC=",
      "bin": {
        "scope-tool": "bin.js"
      }
    },
    "node_modules/parent": {
      "version": "1.0.0",
      "resolved": "https://registry.npmjs.org/parent/-/parent-1.0.0.tgz",
      "integrity": "sha256-DDDDDDDDDDDDDDDDDDDDDDDDDDDDDDDDDDDDDDDDDDD=",
      "dependencies": {
        "nested-cli": "1.0.0"
      }
    },
    "node_modules/parent/node_modules/nested-cli": {
      "version": "1.0.0",
      "resolved": "https://registry.npmjs.org/nested-cli/-/nested-cli-1.0.0.tgz",
      "integrity": "sha256-EEEEEEEEEEEEEEEEEEEEEEEEEEEEEEEEEEEEEEEEEEE=",
      "bin": {
        "nested-cli": "cli.js"
      }
    },
    "node_modules/conflict-a": {
      "version": "1.0.0",
      "resolved": "https://registry.npmjs.org/conflict-a/-/conflict-a-1.0.0.tgz",
      "integrity": "sha256-FFFFFFFFFFFFFFFFFFFFFFFFFFFFFFFFFFFFFFFFFFF=",
      "bin": {
        "shared-name": "a.js"
      }
    },
    "node_modules/conflict-b": {
      "version": "1.0.0",
      "resolved": "https://registry.npmjs.org/conflict-b/-/conflict-b-1.0.0.tgz",
      "integrity": "sha256-GGGGGGGGGGGGGGGGGGGGGGGGGGGGGGGGGGGGGGGGGGG=",
      "bin": {
        "shared-name": "b.js"
      }
    }
  }
}
