{
  "name": "fixture-exports",
  "version": "1.0.0",
  "lockfileVersion": 3,
  "packages": {
    "": {
      "name": "fixture-exports",
      "version": "1.0.0",
      "dependencies": {
        "exports-pkg": "1.0.0",
        "@scope/exports": "1.0.0"
      }
    },
    "node_modules/exports-pkg": {
      "version": "1.0.0",
      "resolved": "https://registry.npmjs.org/exports-pkg/-/exports-pkg-1.0.0.tgz",
      "integrity": "sha256-AAAAAAAAAAAAAAAAAAAAAAAAAAAAAAAAAAAAAAAAAAA="
    },
    "node_modules/@scope/exports": {
      "version": "1.0.0",
      "resolved": "https://registry.npmjs.org/@scope/exports/-/exports-1.0.0.tgz",
      "integrity": "sha256-BBBBBBBBBBBBBBBBBBBBBBBBBBBBBBBBBBBBBBBBBBB="
    }
  }
}
