{
  "name": "fixture-optional",
  "version": "1.0.0",
  "lockfileVersion": 3,
  "requires": true,
  "packages": {
    "": {
      "name": "fixture-optional",
      "version": "1.0.0",
      "dependencies": {
        "core": "1.0.0"
      },
      "optionalDependencies": {
        "nice-native": "1.0.0"
      }
    },
    "node_modules/core": {
      "version": "1.0.0",
      "resolved": "https://registry.npmjs.org/core/-/core-1.0.0.tgz",
      "integrity": "sha512-corecorecorecorecorecorecorecorecorecorecorecorecorecorecorecore=="
    },
    "node_modules/nice-native": {
      "version": "1.0.0",
      "resolved": "https://registry.npmjs.org/nice-native/-/nice-native-1.0.0.tgz",
      "integrity": "sha512-optionaloptionaloptionaloptionaloptionaloptionaloptionaloptional==",
      "optional": true,
      "os": ["linux"],
      "cpu": ["x64"]
    }
  }
}
